# This file is generated by running "yarn install" inside your project.
# Manual changes might be lost - proceed with caution!

__metadata:
  version: 8
  cacheKey: 10c0

"poc-advanced-text-editor@workspace:.":
  version: 0.0.0-use.local
  resolution: "poc-advanced-text-editor@workspace:."
  languageName: unknown
  linkType: soft
